
Microsoft Visual Studio Solution File, Format Version 12.00
# Visual Studio Version 17
VisualStudioVersion = 17.14.36518.9 d17.14
MinimumVisualStudioVersion = 10.0.40219.1
Project("{FAE04EC0-301F-11D3-BF4B-00C04F79EFBC}") = "Maquina", "Maquina\Maquina.csproj", "{937C4600-6450-465E-A637-F258A0DF2120}"
EndProject
Global
	GlobalSection(SolutionConfigurationPlatforms) = preSolution
		Debug|Any CPU = Debug|Any CPU
		Release|Any CPU = Release|Any CPU
	EndGlobalSection
	GlobalSection(ProjectConfigurationPlatforms) = postSolution
		{937C4600-6450-465E-A637-F258A0DF2120}.Debug|Any CPU.ActiveCfg = Debug|Any CPU
		{937C4600-6450-465E-A637-F258A0DF2120}.Debug|Any CPU.Build.0 = Debug|Any CPU
		{937C4600-6450-465E-A637-F258A0DF2120}.Release|Any CPU.ActiveCfg = Release|Any CPU
		{937C4600-6450-465E-A637-F258A0DF2120}.Release|Any CPU.Build.0 = Release|Any CPU
	EndGlobalSection
	GlobalSection(SolutionProperties) = preSolution
		HideSolutionNode = FALSE
	EndGlobalSection
	GlobalSection(ExtensibilityGlobals) = postSolution
		SolutionGuid = {3AB20E53-70EB-4793-898E-2E3F2F716FD2}
	EndGlobalSection
EndGlobal
